// !$*UTF8*$!
{
	archiveVersion = 1;
	classes = {
	};
	objectVersion = 77;
	objects = {

/* Begin PBXBuildFile section */
		E91CFCE72DEE248900844763 /* eb_digital_test_taskUITests.swift in Sources */ = {isa = PBXBuildFile; fileRef = E91CFCE42DEE248900844763 /* eb_digital_test_taskUITests.swift */; };
		E91CFCE82DEE248900844763 /* eb_digital_test_taskUITestsLaunchTests.swift in Sources */ = {isa = PBXBuildFile; fileRef = E91CFCE52DEE248900844763 /* eb_digital_test_taskUITestsLaunchTests.swift */; };
		E91CFCF32DEE248900844763 /* ContentView.swift in Sources */ = {isa = PBXBuildFile; fileRef = E91CFCF02DEE248900844763 /* ContentView.swift */; };
		E91CFCF42DEE248900844763 /* TestTaskApp.swift in Sources */ = {isa = PBXBuildFile; fileRef = E91CFCF12DEE248900844763 /* TestTaskApp.swift */; };
		E91CFCF52DEE248900844763 /* Assets.xcassets in Resources */ = {isa = PBXBuildFile; fileRef = E91CFCEA2DEE248900844763 /* Assets.xcassets */; };
		E91CFCF62DEE248900844763 /* Testdrive_01.mp4 in Resources */ = {isa = PBXBuildFile; fileRef = E91CFCEB2DEE248900844763 /* Testdrive_01.mp4 */; };
		E91CFCF72DEE248900844763 /* Testdrive_02.mp4 in Resources */ = {isa = PBXBuildFile; fileRef = E91CFCEC2DEE248900844763 /* Testdrive_02.mp4 */; };
		E91CFCF82DEE248900844763 /* Testdrive_03.mp4 in Resources */ = {isa = PBXBuildFile; fileRef = E91CFCED2DEE248900844763 /* Testdrive_03.mp4 */; };
		E91CFCFB2DEE248900844763 /* eb_digital_test_taskTests.swift in Sources */ = {isa = PBXBuildFile; fileRef = E91CFCF92DEE248900844763 /* eb_digital_test_taskTests.swift */; };
		E91CFCFD2DEE252C00844763 /* VideoPlayerView.swift in Sources */ = {isa = PBXBuildFile; fileRef = E91CFCFC2DEE252C00844763 /* VideoPlayerView.swift */; };
		E91CFD012DEE29C800844763 /* VideosScreenView.swift in Sources */ = {isa = PBXBuildFile; fileRef = E91CFD002DEE29C800844763 /* VideosScreenView.swift */; };
		E91CFD042DEE2AD300844763 /* VideosScreenViewModel.swift in Sources */ = {isa = PBXBuildFile; fileRef = E91CFD032DEE2AD300844763 /* VideosScreenViewModel.swift */; };
		E91CFD062DEE2BBD00844763 /* MockData.swift in Sources */ = {isa = PBXBuildFile; fileRef = E91CFD052DEE2BBD00844763 /* MockData.swift */; };
		E91CFD092DEE2C2000844763 /* VideoModel.swift in Sources */ = {isa = PBXBuildFile; fileRef = E91CFD082DEE2C2000844763 /* VideoModel.swift */; };
		E91CFD0B2DEE2CA600844763 /* AppError.swift in Sources */ = {isa = PBXBuildFile; fileRef = E91CFD0A2DEE2CA600844763 /* AppError.swift */; };
		E91CFD0D2DEE2D6900844763 /* Localizable.xcstrings in Resources */ = {isa = PBXBuildFile; fileRef = E91CFD0C2DEE2D6900844763 /* Localizable.xcstrings */; };
		E91CFD0F2DEE2E4C00844763 /* ErrorAlert.swift in Sources */ = {isa = PBXBuildFile; fileRef = E91CFD0E2DEE2E4C00844763 /* ErrorAlert.swift */; };
		E91CFD112DEE2FD700844763 /* AppCoordinator.swift in Sources */ = {isa = PBXBuildFile; fileRef = E91CFD102DEE2FD700844763 /* AppCoordinator.swift */; };
		E91CFD152DEE301F00844763 /* CoordinatorProtocol.swift in Sources */ = {isa = PBXBuildFile; fileRef = E91CFD142DEE301F00844763 /* CoordinatorProtocol.swift */; };
		E91CFD182DEE33E900844763 /* LoadDataService.swift in Sources */ = {isa = PBXBuildFile; fileRef = E91CFD172DEE33E900844763 /* LoadDataService.swift */; };
		E91CFD1A2DEE342100844763 /* LoadDataServiceProtocol.swift in Sources */ = {isa = PBXBuildFile; fileRef = E91CFD192DEE342100844763 /* LoadDataServiceProtocol.swift */; };
		E9310D3A2DEED272004E24F8 /* VideoPlayerData.swift in Sources */ = {isa = PBXBuildFile; fileRef = E9310D392DEED272004E24F8 /* VideoPlayerData.swift */; };
/* End PBXBuildFile section */

/* Begin PBXContainerItemProxy section */
		E91CFCBF2DEE23BD00844763 /* PBXContainerItemProxy */ = {
			isa = PBXContainerItemProxy;
			containerPortal = E91CFCA92DEE23B800844763 /* Project object */;
			proxyType = 1;
			remoteGlobalIDString = E91CFCB02DEE23B800844763;
			remoteInfo = "eb-digital-test-task";
		};
		E91CFCC92DEE23BD00844763 /* PBXContainerItemProxy */ = {
			isa = PBXContainerItemProxy;
			containerPortal = E91CFCA92DEE23B800844763 /* Project object */;
			proxyType = 1;
			remoteGlobalIDString = E91CFCB02DEE23B800844763;
			remoteInfo = "eb-digital-test-task";
		};
/* End PBXContainerItemProxy section */

/* Begin PBXFileReference section */
		E91CFCB12DEE23B800844763 /* eb-digital-test-task.app */ = {isa = PBXFileReference; explicitFileType = wrapper.application; includeInIndex = 0; path = "eb-digital-test-task.app"; sourceTree = BUILT_PRODUCTS_DIR; };
		E91CFCBE2DEE23BD00844763 /* eb-digital-test-taskTests.xctest */ = {isa = PBXFileReference; explicitFileType = wrapper.cfbundle; includeInIndex = 0; path = "eb-digital-test-taskTests.xctest"; sourceTree = BUILT_PRODUCTS_DIR; };
		E91CFCC82DEE23BD00844763 /* eb-digital-test-taskUITests.xctest */ = {isa = PBXFileReference; explicitFileType = wrapper.cfbundle; includeInIndex = 0; path = "eb-digital-test-taskUITests.xctest"; sourceTree = BUILT_PRODUCTS_DIR; };
		E91CFCE42DEE248900844763 /* eb_digital_test_taskUITests.swift */ = {isa = PBXFileReference; lastKnownFileType = sourcecode.swift; path = eb_digital_test_taskUITests.swift; sourceTree = "<group>"; };
		E91CFCE52DEE248900844763 /* eb_digital_test_taskUITestsLaunchTests.swift */ = {isa = PBXFileReference; lastKnownFileType = sourcecode.swift; path = eb_digital_test_taskUITestsLaunchTests.swift; sourceTree = "<group>"; };
		E91CFCEA2DEE248900844763 /* Assets.xcassets */ = {isa = PBXFileReference; lastKnownFileType = folder.assetcatalog; path = Assets.xcassets; sourceTree = "<group>"; };
		E91CFCEB2DEE248900844763 /* Testdrive_01.mp4 */ = {isa = PBXFileReference; lastKnownFileType = file; path = Testdrive_01.mp4; sourceTree = "<group>"; };
		E91CFCEC2DEE248900844763 /* Testdrive_02.mp4 */ = {isa = PBXFileReference; lastKnownFileType = file; path = Testdrive_02.mp4; sourceTree = "<group>"; };
		E91CFCED2DEE248900844763 /* Testdrive_03.mp4 */ = {isa = PBXFileReference; lastKnownFileType = file; path = Testdrive_03.mp4; sourceTree = "<group>"; };
		E91CFCF02DEE248900844763 /* ContentView.swift */ = {isa = PBXFileReference; lastKnownFileType = sourcecode.swift; path = ContentView.swift; sourceTree = "<group>"; };
		E91CFCF12DEE248900844763 /* TestTaskApp.swift */ = {isa = PBXFileReference; lastKnownFileType = sourcecode.swift; path = TestTaskApp.swift; sourceTree = "<group>"; };
		E91CFCF92DEE248900844763 /* eb_digital_test_taskTests.swift */ = {isa = PBXFileReference; lastKnownFileType = sourcecode.swift; path = eb_digital_test_taskTests.swift; sourceTree = "<group>"; };
		E91CFCFC2DEE252C00844763 /* VideoPlayerView.swift */ = {isa = PBXFileReference; lastKnownFileType = sourcecode.swift; path = VideoPlayerView.swift; sourceTree = "<group>"; };
		E91CFD002DEE29C800844763 /* VideosScreenView.swift */ = {isa = PBXFileReference; lastKnownFileType = sourcecode.swift; path = VideosScreenView.swift; sourceTree = "<group>"; };
		E91CFD032DEE2AD300844763 /* VideosScreenViewModel.swift */ = {isa = PBXFileReference; lastKnownFileType = sourcecode.swift; path = VideosScreenViewModel.swift; sourceTree = "<group>"; };
		E91CFD052DEE2BBD00844763 /* MockData.swift */ = {isa = PBXFileReference; lastKnownFileType = sourcecode.swift; path = MockData.swift; sourceTree = "<group>"; };
		E91CFD082DEE2C2000844763 /* VideoModel.swift */ = {isa = PBXFileReference; lastKnownFileType = sourcecode.swift; path = VideoModel.swift; sourceTree = "<group>"; };
		E91CFD0A2DEE2CA600844763 /* AppError.swift */ = {isa = PBXFileReference; lastKnownFileType = sourcecode.swift; path = AppError.swift; sourceTree = "<group>"; };
		E91CFD0C2DEE2D6900844763 /* Localizable.xcstrings */ = {isa = PBXFileReference; lastKnownFileType = text.json.xcstrings; path = Localizable.xcstrings; sourceTree = "<group>"; };
		E91CFD0E2DEE2E4C00844763 /* ErrorAlert.swift */ = {isa = PBXFileReference; lastKnownFileType = sourcecode.swift; path = ErrorAlert.swift; sourceTree = "<group>"; };
		E91CFD102DEE2FD700844763 /* AppCoordinator.swift */ = {isa = PBXFileReference; lastKnownFileType = sourcecode.swift; path = AppCoordinator.swift; sourceTree = "<group>"; };
		E91CFD142DEE301F00844763 /* CoordinatorProtocol.swift */ = {isa = PBXFileReference; lastKnownFileType = sourcecode.swift; path = CoordinatorProtocol.swift; sourceTree = "<group>"; };
		E91CFD172DEE33E900844763 /* LoadDataService.swift */ = {isa = PBXFileReference; lastKnownFileType = sourcecode.swift; path = LoadDataService.swift; sourceTree = "<group>"; };
		E91CFD192DEE342100844763 /* LoadDataServiceProtocol.swift */ = {isa = PBXFileReference; lastKnownFileType = sourcecode.swift; path = LoadDataServiceProtocol.swift; sourceTree = "<group>"; };
		E9310D392DEED272004E24F8 /* VideoPlayerData.swift */ = {isa = PBXFileReference; lastKnownFileType = sourcecode.swift; path = VideoPlayerData.swift; sourceTree = "<group>"; };
/* End PBXFileReference section */

/* Begin PBXFrameworksBuildPhase section */
		E91CFCAE2DEE23B800844763 /* Frameworks */ = {
			isa = PBXFrameworksBuildPhase;
			buildActionMask = 2147483647;
			files = (
			);
			runOnlyForDeploymentPostprocessing = 0;
		};
		E91CFCBB2DEE23BD00844763 /* Frameworks */ = {
			isa = PBXFrameworksBuildPhase;
			buildActionMask = 2147483647;
			files = (
			);
			runOnlyForDeploymentPostprocessing = 0;
		};
		E91CFCC52DEE23BD00844763 /* Frameworks */ = {
			isa = PBXFrameworksBuildPhase;
			buildActionMask = 2147483647;
			files = (
			);
			runOnlyForDeploymentPostprocessing = 0;
		};
/* End PBXFrameworksBuildPhase section */

/* Begin PBXGroup section */
		E91CFCA82DEE23B800844763 = {
			isa = PBXGroup;
			children = (
				E91CFCF22DEE248900844763 /* eb-digital-test-task */,
				E91CFCFA2DEE248900844763 /* eb-digital-test-taskTests */,
				E91CFCE62DEE248900844763 /* eb-digital-test-taskUITests */,
				E91CFCB22DEE23B800844763 /* Products */,
			);
			sourceTree = "<group>";
		};
		E91CFCB22DEE23B800844763 /* Products */ = {
			isa = PBXGroup;
			children = (
				E91CFCB12DEE23B800844763 /* eb-digital-test-task.app */,
				E91CFCBE2DEE23BD00844763 /* eb-digital-test-taskTests.xctest */,
				E91CFCC82DEE23BD00844763 /* eb-digital-test-taskUITests.xctest */,
			);
			name = Products;
			sourceTree = "<group>";
		};
		E91CFCE62DEE248900844763 /* eb-digital-test-taskUITests */ = {
			isa = PBXGroup;
			children = (
				E91CFCE42DEE248900844763 /* eb_digital_test_taskUITests.swift */,
				E91CFCE52DEE248900844763 /* eb_digital_test_taskUITestsLaunchTests.swift */,
			);
			path = "eb-digital-test-taskUITests";
			sourceTree = "<group>";
		};
		E91CFCE92DEE248900844763 /* UIComponents */ = {
			isa = PBXGroup;
			children = (
				E91CFCFC2DEE252C00844763 /* VideoPlayerView.swift */,
				E91CFD0E2DEE2E4C00844763 /* ErrorAlert.swift */,
			);
			path = UIComponents;
			sourceTree = "<group>";
		};
		E91CFCEE2DEE248900844763 /* Resouces */ = {
			isa = PBXGroup;
			children = (
				E91CFCEA2DEE248900844763 /* Assets.xcassets */,
				E91CFCEB2DEE248900844763 /* Testdrive_01.mp4 */,
				E91CFCEC2DEE248900844763 /* Testdrive_02.mp4 */,
				E91CFCED2DEE248900844763 /* Testdrive_03.mp4 */,
				E91CFD0C2DEE2D6900844763 /* Localizable.xcstrings */,
			);
			path = Resouces;
			sourceTree = "<group>";
		};
		E91CFCF22DEE248900844763 /* eb-digital-test-task */ = {
			isa = PBXGroup;
			children = (
				E91CFCF12DEE248900844763 /* TestTaskApp.swift */,
				E91CFCF02DEE248900844763 /* ContentView.swift */,
				E91CFD052DEE2BBD00844763 /* MockData.swift */,
				E91CFCEE2DEE248900844763 /* Resouces */,
				E91CFD122DEE2FE400844763 /* Coordinator */,
				E91CFD072DEE2BF000844763 /* Models */,
				E91CFD132DEE300900844763 /* Protocols */,
				E91CFD162DEE338700844763 /* Services */,
				E91CFCE92DEE248900844763 /* UIComponents */,
				E91CFCFF2DEE29AF00844763 /* Screens */,
			);
			path = "eb-digital-test-task";
			sourceTree = "<group>";
		};
		E91CFCFA2DEE248900844763 /* eb-digital-test-taskTests */ = {
			isa = PBXGroup;
			children = (
				E91CFCF92DEE248900844763 /* eb_digital_test_taskTests.swift */,
			);
			path = "eb-digital-test-taskTests";
			sourceTree = "<group>";
		};
		E91CFCFF2DEE29AF00844763 /* Screens */ = {
			isa = PBXGroup;
			children = (
				E91CFD022DEE2AB200844763 /* MainScreen */,
			);
			path = Screens;
			sourceTree = "<group>";
		};
		E91CFD022DEE2AB200844763 /* MainScreen */ = {
			isa = PBXGroup;
			children = (
				E91CFD002DEE29C800844763 /* VideosScreenView.swift */,
				E91CFD032DEE2AD300844763 /* VideosScreenViewModel.swift */,
			);
			path = MainScreen;
			sourceTree = "<group>";
		};
		E91CFD072DEE2BF000844763 /* Models */ = {
			isa = PBXGroup;
			children = (
				E91CFD0A2DEE2CA600844763 /* AppError.swift */,
				E91CFD082DEE2C2000844763 /* VideoModel.swift */,
				E9310D392DEED272004E24F8 /* VideoPlayerData.swift */,
			);
			path = Models;
			sourceTree = "<group>";
		};
		E91CFD122DEE2FE400844763 /* Coordinator */ = {
			isa = PBXGroup;
			children = (
				E91CFD102DEE2FD700844763 /* AppCoordinator.swift */,
			);
			path = Coordinator;
			sourceTree = "<group>";
		};
		E91CFD132DEE300900844763 /* Protocols */ = {
			isa = PBXGroup;
			children = (
				E91CFD142DEE301F00844763 /* CoordinatorProtocol.swift */,
				E91CFD192DEE342100844763 /* LoadDataServiceProtocol.swift */,
			);
			path = Protocols;
			sourceTree = "<group>";
		};
		E91CFD162DEE338700844763 /* Services */ = {
			isa = PBXGroup;
			children = (
				E91CFD172DEE33E900844763 /* LoadDataService.swift */,
			);
			path = Services;
			sourceTree = "<group>";
		};
/* End PBXGroup section */

/* Begin PBXNativeTarget section */
		E91CFCB02DEE23B800844763 /* eb-digital-test-task */ = {
			isa = PBXNativeTarget;
			buildConfigurationList = E91CFCD22DEE23BD00844763 /* Build configuration list for PBXNativeTarget "eb-digital-test-task" */;
			buildPhases = (
				E91CFCAD2DEE23B800844763 /* Sources */,
				E91CFCAE2DEE23B800844763 /* Frameworks */,
				E91CFCAF2DEE23B800844763 /* Resources */,
			);
			buildRules = (
			);
			dependencies = (
			);
			name = "eb-digital-test-task";
			packageProductDependencies = (
			);
			productName = "eb-digital-test-task";
			productReference = E91CFCB12DEE23B800844763 /* eb-digital-test-task.app */;
			productType = "com.apple.product-type.application";
		};
		E91CFCBD2DEE23BD00844763 /* eb-digital-test-taskTests */ = {
			isa = PBXNativeTarget;
			buildConfigurationList = E91CFCD52DEE23BD00844763 /* Build configuration list for PBXNativeTarget "eb-digital-test-taskTests" */;
			buildPhases = (
				E91CFCBA2DEE23BD00844763 /* Sources */,
				E91CFCBB2DEE23BD00844763 /* Frameworks */,
				E91CFCBC2DEE23BD00844763 /* Resources */,
			);
			buildRules = (
			);
			dependencies = (
				E91CFCC02DEE23BD00844763 /* PBXTargetDependency */,
			);
			name = "eb-digital-test-taskTests";
			packageProductDependencies = (
			);
			productName = "eb-digital-test-taskTests";
			productReference = E91CFCBE2DEE23BD00844763 /* eb-digital-test-taskTests.xctest */;
			productType = "com.apple.product-type.bundle.unit-test";
		};
		E91CFCC72DEE23BD00844763 /* eb-digital-test-taskUITests */ = {
			isa = PBXNativeTarget;
			buildConfigurationList = E91CFCD82DEE23BD00844763 /* Build configuration list for PBXNativeTarget "eb-digital-test-taskUITests" */;
			buildPhases = (
				E91CFCC42DEE23BD00844763 /* Sources */,
				E91CFCC52DEE23BD00844763 /* Frameworks */,
				E91CFCC62DEE23BD00844763 /* Resources */,
			);
			buildRules = (
			);
			dependencies = (
				E91CFCCA2DEE23BD00844763 /* PBXTargetDependency */,
			);
			name = "eb-digital-test-taskUITests";
			packageProductDependencies = (
			);
			productName = "eb-digital-test-taskUITests";
			productReference = E91CFCC82DEE23BD00844763 /* eb-digital-test-taskUITests.xctest */;
			productType = "com.apple.product-type.bundle.ui-testing";
		};
/* End PBXNativeTarget section */

/* Begin PBXProject section */
		E91CFCA92DEE23B800844763 /* Project object */ = {
			isa = PBXProject;
			attributes = {
				BuildIndependentTargetsInParallel = 1;
				LastSwiftUpdateCheck = 1640;
				LastUpgradeCheck = 1640;
				TargetAttributes = {
					E91CFCB02DEE23B800844763 = {
						CreatedOnToolsVersion = 16.4;
					};
					E91CFCBD2DEE23BD00844763 = {
						CreatedOnToolsVersion = 16.4;
						TestTargetID = E91CFCB02DEE23B800844763;
					};
					E91CFCC72DEE23BD00844763 = {
						CreatedOnToolsVersion = 16.4;
						TestTargetID = E91CFCB02DEE23B800844763;
					};
				};
			};
			buildConfigurationList = E91CFCAC2DEE23B800844763 /* Build configuration list for PBXProject "eb-digital-test-task" */;
			developmentRegion = en;
			hasScannedForEncodings = 0;
			knownRegions = (
				en,
				Base,
			);
			mainGroup = E91CFCA82DEE23B800844763;
			minimizedProjectReferenceProxies = 1;
			preferredProjectObjectVersion = 77;
			productRefGroup = E91CFCB22DEE23B800844763 /* Products */;
			projectDirPath = "";
			projectRoot = "";
			targets = (
				E91CFCB02DEE23B800844763 /* eb-digital-test-task */,
				E91CFCBD2DEE23BD00844763 /* eb-digital-test-taskTests */,
				E91CFCC72DEE23BD00844763 /* eb-digital-test-taskUITests */,
			);
		};
/* End PBXProject section */

/* Begin PBXResourcesBuildPhase section */
		E91CFCAF2DEE23B800844763 /* Resources */ = {
			isa = PBXResourcesBuildPhase;
			buildActionMask = 2147483647;
			files = (
				E91CFCF52DEE248900844763 /* Assets.xcassets in Resources */,
				E91CFD0D2DEE2D6900844763 /* Localizable.xcstrings in Resources */,
				E91CFCF62DEE248900844763 /* Testdrive_01.mp4 in Resources */,
				E91CFCF72DEE248900844763 /* Testdrive_02.mp4 in Resources */,
				E91CFCF82DEE248900844763 /* Testdrive_03.mp4 in Resources */,
			);
			runOnlyForDeploymentPostprocessing = 0;
		};
		E91CFCBC2DEE23BD00844763 /* Resources */ = {
			isa = PBXResourcesBuildPhase;
			buildActionMask = 2147483647;
			files = (
			);
			runOnlyForDeploymentPostprocessing = 0;
		};
		E91CFCC62DEE23BD00844763 /* Resources */ = {
			isa = PBXResourcesBuildPhase;
			buildActionMask = 2147483647;
			files = (
			);
			runOnlyForDeploymentPostprocessing = 0;
		};
/* End PBXResourcesBuildPhase section */

/* Begin PBXSourcesBuildPhase section */
		E91CFCAD2DEE23B800844763 /* Sources */ = {
			isa = PBXSourcesBuildPhase;
			buildActionMask = 2147483647;
			files = (
				E91CFD1A2DEE342100844763 /* LoadDataServiceProtocol.swift in Sources */,
				E91CFCF32DEE248900844763 /* ContentView.swift in Sources */,
				E91CFD062DEE2BBD00844763 /* MockData.swift in Sources */,
				E91CFD112DEE2FD700844763 /* AppCoordinator.swift in Sources */,
				E91CFD042DEE2AD300844763 /* VideosScreenViewModel.swift in Sources */,
				E91CFCF42DEE248900844763 /* TestTaskApp.swift in Sources */,
				E91CFD0F2DEE2E4C00844763 /* ErrorAlert.swift in Sources */,
				E91CFD152DEE301F00844763 /* CoordinatorProtocol.swift in Sources */,
				E91CFD182DEE33E900844763 /* LoadDataService.swift in Sources */,
				E91CFD0B2DEE2CA600844763 /* AppError.swift in Sources */,
				E91CFCFD2DEE252C00844763 /* VideoPlayerView.swift in Sources */,
				E91CFD092DEE2C2000844763 /* VideoModel.swift in Sources */,
				E9310D3A2DEED272004E24F8 /* VideoPlayerData.swift in Sources */,
				E91CFD012DEE29C800844763 /* VideosScreenView.swift in Sources */,
			);
			runOnlyForDeploymentPostprocessing = 0;
		};
		E91CFCBA2DEE23BD00844763 /* Sources */ = {
			isa = PBXSourcesBuildPhase;
			buildActionMask = 2147483647;
			files = (
				E91CFCFB2DEE248900844763 /* eb_digital_test_taskTests.swift in Sources */,
			);
			runOnlyForDeploymentPostprocessing = 0;
		};
		E91CFCC42DEE23BD00844763 /* Sources */ = {
			isa = PBXSourcesBuildPhase;
			buildActionMask = 2147483647;
			files = (
				E91CFCE72DEE248900844763 /* eb_digital_test_taskUITests.swift in Sources */,
				E91CFCE82DEE248900844763 /* eb_digital_test_taskUITestsLaunchTests.swift in Sources */,
			);
			runOnlyForDeploymentPostprocessing = 0;
		};
/* End PBXSourcesBuildPhase section */

/* Begin PBXTargetDependency section */
		E91CFCC02DEE23BD00844763 /* PBXTargetDependency */ = {
			isa = PBXTargetDependency;
			target = E91CFCB02DEE23B800844763 /* eb-digital-test-task */;
			targetProxy = E91CFCBF2DEE23BD00844763 /* PBXContainerItemProxy */;
		};
		E91CFCCA2DEE23BD00844763 /* PBXTargetDependency */ = {
			isa = PBXTargetDependency;
			target = E91CFCB02DEE23B800844763 /* eb-digital-test-task */;
			targetProxy = E91CFCC92DEE23BD00844763 /* PBXContainerItemProxy */;
		};
/* End PBXTargetDependency section */

/* Begin XCBuildConfiguration section */
		E91CFCD02DEE23BD00844763 /* Debug */ = {
			isa = XCBuildConfiguration;
			buildSettings = {
				ALWAYS_SEARCH_USER_PATHS = NO;
				ASSETCATALOG_COMPILER_GENERATE_SWIFT_ASSET_SYMBOL_EXTENSIONS = YES;
				CLANG_ANALYZER_NONNULL = YES;
				CLANG_ANALYZER_NUMBER_OBJECT_CONVERSION = YES_AGGRESSIVE;
				CLANG_CXX_LANGUAGE_STANDARD = "gnu++20";
				CLANG_ENABLE_MODULES = YES;
				CLANG_ENABLE_OBJC_ARC = YES;
				CLANG_ENABLE_OBJC_WEAK = YES;
				CLANG_WARN_BLOCK_CAPTURE_AUTORELEASING = YES;
				CLANG_WARN_BOOL_CONVERSION = YES;
				CLANG_WARN_COMMA = YES;
				CLANG_WARN_CONSTANT_CONVERSION = YES;
				CLANG_WARN_DEPRECATED_OBJC_IMPLEMENTATIONS = YES;
				CLANG_WARN_DIRECT_OBJC_ISA_USAGE = YES_ERROR;
				CLANG_WARN_DOCUMENTATION_COMMENTS = YES;
				CLANG_WARN_EMPTY_BODY = YES;
				CLANG_WARN_ENUM_CONVERSION = YES;
				CLANG_WARN_INFINITE_RECURSION = YES;
				CLANG_WARN_INT_CONVERSION = YES;
				CLANG_WARN_NON_LITERAL_NULL_CONVERSION = YES;
				CLANG_WARN_OBJC_IMPLICIT_RETAIN_SELF = YES;
				CLANG_WARN_OBJC_LITERAL_CONVERSION = YES;
				CLANG_WARN_OBJC_ROOT_CLASS = YES_ERROR;
				CLANG_WARN_QUOTED_INCLUDE_IN_FRAMEWORK_HEADER = YES;
				CLANG_WARN_RANGE_LOOP_ANALYSIS = YES;
				CLANG_WARN_STRICT_PROTOTYPES = YES;
				CLANG_WARN_SUSPICIOUS_MOVE = YES;
				CLANG_WARN_UNGUARDED_AVAILABILITY = YES_AGGRESSIVE;
				CLANG_WARN_UNREACHABLE_CODE = YES;
				CLANG_WARN__DUPLICATE_METHOD_MATCH = YES;
				COPY_PHASE_STRIP = NO;
				DEBUG_INFORMATION_FORMAT = dwarf;
				ENABLE_STRICT_OBJC_MSGSEND = YES;
				ENABLE_TESTABILITY = YES;
				ENABLE_USER_SCRIPT_SANDBOXING = YES;
				GCC_C_LANGUAGE_STANDARD = gnu17;
				GCC_DYNAMIC_NO_PIC = NO;
				GCC_NO_COMMON_BLOCKS = YES;
				GCC_OPTIMIZATION_LEVEL = 0;
				GCC_PREPROCESSOR_DEFINITIONS = (
					"DEBUG=1",
					"$(inherited)",
				);
				GCC_WARN_64_TO_32_BIT_CONVERSION = YES;
				GCC_WARN_ABOUT_RETURN_TYPE = YES_ERROR;
				GCC_WARN_UNDECLARED_SELECTOR = YES;
				GCC_WARN_UNINITIALIZED_AUTOS = YES_AGGRESSIVE;
				GCC_WARN_UNUSED_FUNCTION = YES;
				GCC_WARN_UNUSED_VARIABLE = YES;
				IPHONEOS_DEPLOYMENT_TARGET = 18.5;
				LOCALIZATION_PREFERS_STRING_CATALOGS = YES;
				MTL_ENABLE_DEBUG_INFO = INCLUDE_SOURCE;
				MTL_FAST_MATH = YES;
				ONLY_ACTIVE_ARCH = YES;
				SDKROOT = iphoneos;
				SWIFT_ACTIVE_COMPILATION_CONDITIONS = "DEBUG $(inherited)";
				SWIFT_EMIT_LOC_STRINGS = YES;
				SWIFT_OPTIMIZATION_LEVEL = "-Onone";
			};
			name = Debug;
		};
		E91CFCD12DEE23BD00844763 /* Release */ = {
			isa = XCBuildConfiguration;
			buildSettings = {
				ALWAYS_SEARCH_USER_PATHS = NO;
				ASSETCATALOG_COMPILER_GENERATE_SWIFT_ASSET_SYMBOL_EXTENSIONS = YES;
				CLANG_ANALYZER_NONNULL = YES;
				CLANG_ANALYZER_NUMBER_OBJECT_CONVERSION = YES_AGGRESSIVE;
				CLANG_CXX_LANGUAGE_STANDARD = "gnu++20";
				CLANG_ENABLE_MODULES = YES;
				CLANG_ENABLE_OBJC_ARC = YES;
				CLANG_ENABLE_OBJC_WEAK = YES;
				CLANG_WARN_BLOCK_CAPTURE_AUTORELEASING = YES;
				CLANG_WARN_BOOL_CONVERSION = YES;
				CLANG_WARN_COMMA = YES;
				CLANG_WARN_CONSTANT_CONVERSION = YES;
				CLANG_WARN_DEPRECATED_OBJC_IMPLEMENTATIONS = YES;
				CLANG_WARN_DIRECT_OBJC_ISA_USAGE = YES_ERROR;
				CLANG_WARN_DOCUMENTATION_COMMENTS = YES;
				CLANG_WARN_EMPTY_BODY = YES;
				CLANG_WARN_ENUM_CONVERSION = YES;
				CLANG_WARN_INFINITE_RECURSION = YES;
				CLANG_WARN_INT_CONVERSION = YES;
				CLANG_WARN_NON_LITERAL_NULL_CONVERSION = YES;
				CLANG_WARN_OBJC_IMPLICIT_RETAIN_SELF = YES;
				CLANG_WARN_OBJC_LITERAL_CONVERSION = YES;
				CLANG_WARN_OBJC_ROOT_CLASS = YES_ERROR;
				CLANG_WARN_QUOTED_INCLUDE_IN_FRAMEWORK_HEADER = YES;
				CLANG_WARN_RANGE_LOOP_ANALYSIS = YES;
				CLANG_WARN_STRICT_PROTOTYPES = YES;
				CLANG_WARN_SUSPICIOUS_MOVE = YES;
				CLANG_WARN_UNGUARDED_AVAILABILITY = YES_AGGRESSIVE;
				CLANG_WARN_UNREACHABLE_CODE = YES;
				CLANG_WARN__DUPLICATE_METHOD_MATCH = YES;
				COPY_PHASE_STRIP = NO;
				DEBUG_INFORMATION_FORMAT = "dwarf-with-dsym";
				ENABLE_NS_ASSERTIONS = NO;
				ENABLE_STRICT_OBJC_MSGSEND = YES;
				ENABLE_USER_SCRIPT_SANDBOXING = YES;
				GCC_C_LANGUAGE_STANDARD = gnu17;
				GCC_NO_COMMON_BLOCKS = YES;
				GCC_WARN_64_TO_32_BIT_CONVERSION = YES;
				GCC_WARN_ABOUT_RETURN_TYPE = YES_ERROR;
				GCC_WARN_UNDECLARED_SELECTOR = YES;
				GCC_WARN_UNINITIALIZED_AUTOS = YES_AGGRESSIVE;
				GCC_WARN_UNUSED_FUNCTION = YES;
				GCC_WARN_UNUSED_VARIABLE = YES;
				IPHONEOS_DEPLOYMENT_TARGET = 18.5;
				LOCALIZATION_PREFERS_STRING_CATALOGS = YES;
				MTL_ENABLE_DEBUG_INFO = NO;
				MTL_FAST_MATH = YES;
				SDKROOT = iphoneos;
				SWIFT_COMPILATION_MODE = wholemodule;
				SWIFT_EMIT_LOC_STRINGS = YES;
				VALIDATE_PRODUCT = YES;
			};
			name = Release;
		};
		E91CFCD32DEE23BD00844763 /* Debug */ = {
			isa = XCBuildConfiguration;
			buildSettings = {
				ASSETCATALOG_COMPILER_APPICON_NAME = AppIcon;
				ASSETCATALOG_COMPILER_GLOBAL_ACCENT_COLOR_NAME = AccentColor;
				CODE_SIGN_STYLE = Automatic;
				CURRENT_PROJECT_VERSION = 1;
				DEVELOPMENT_TEAM = Z9Y9Z9S973;
				ENABLE_PREVIEWS = YES;
				GENERATE_INFOPLIST_FILE = YES;
				INFOPLIST_KEY_UIApplicationSceneManifest_Generation = YES;
				INFOPLIST_KEY_UIApplicationSupportsIndirectInputEvents = YES;
				INFOPLIST_KEY_UILaunchScreen_Generation = YES;
				INFOPLIST_KEY_UISupportedInterfaceOrientations_iPad = "UIInterfaceOrientationPortrait UIInterfaceOrientationPortraitUpsideDown UIInterfaceOrientationLandscapeLeft UIInterfaceOrientationLandscapeRight";
				INFOPLIST_KEY_UISupportedInterfaceOrientations_iPhone = UIInterfaceOrientationPortrait;
				IPHONEOS_DEPLOYMENT_TARGET = 18.0;
				LD_RUNPATH_SEARCH_PATHS = (
					"$(inherited)",
					"@executable_path/Frameworks",
				);
				MARKETING_VERSION = 1.0;
				PRODUCT_BUNDLE_IDENTIFIER = "com.mycompany.eb-digital-test-task";
				PRODUCT_NAME = "$(TARGET_NAME)";
				SWIFT_EMIT_LOC_STRINGS = YES;
				SWIFT_VERSION = 6.0;
				TARGETED_DEVICE_FAMILY = "1,2";
			};
			name = Debug;
		};
		E91CFCD42DEE23BD00844763 /* Release */ = {
			isa = XCBuildConfiguration;
			buildSettings = {
				ASSETCATALOG_COMPILER_APPICON_NAME = AppIcon;
				ASSETCATALOG_COMPILER_GLOBAL_ACCENT_COLOR_NAME = AccentColor;
				CODE_SIGN_STYLE = Automatic;
				CURRENT_PROJECT_VERSION = 1;
				DEVELOPMENT_TEAM = Z9Y9Z9S973;
				ENABLE_PREVIEWS = YES;
				GENERATE_INFOPLIST_FILE = YES;
				INFOPLIST_KEY_UIApplicationSceneManifest_Generation = YES;
				INFOPLIST_KEY_UIApplicationSupportsIndirectInputEvents = YES;
				INFOPLIST_KEY_UILaunchScreen_Generation = YES;
				INFOPLIST_KEY_UISupportedInterfaceOrientations_iPad = "UIInterfaceOrientationPortrait UIInterfaceOrientationPortraitUpsideDown UIInterfaceOrientationLandscapeLeft UIInterfaceOrientationLandscapeRight";
				INFOPLIST_KEY_UISupportedInterfaceOrientations_iPhone = UIInterfaceOrientationPortrait;
				IPHONEOS_DEPLOYMENT_TARGET = 18.0;
				LD_RUNPATH_SEARCH_PATHS = (
					"$(inherited)",
					"@executable_path/Frameworks",
				);
				MARKETING_VERSION = 1.0;
				PRODUCT_BUNDLE_IDENTIFIER = "com.mycompany.eb-digital-test-task";
				PRODUCT_NAME = "$(TARGET_NAME)";
				SWIFT_EMIT_LOC_STRINGS = YES;
				SWIFT_VERSION = 6.0;
				TARGETED_DEVICE_FAMILY = "1,2";
			};
			name = Release;
		};
		E91CFCD62DEE23BD00844763 /* Debug */ = {
			isa = XCBuildConfiguration;
			buildSettings = {
				BUNDLE_LOADER = "$(TEST_HOST)";
				CODE_SIGN_STYLE = Automatic;
				CURRENT_PROJECT_VERSION = 1;
				GENERATE_INFOPLIST_FILE = YES;
				IPHONEOS_DEPLOYMENT_TARGET = 18.5;
				MARKETING_VERSION = 1.0;
				PRODUCT_BUNDLE_IDENTIFIER = "com.mycompany.eb-digital-test-taskTests";
				PRODUCT_NAME = "$(TARGET_NAME)";
				SWIFT_EMIT_LOC_STRINGS = NO;
				SWIFT_VERSION = 5.0;
				TARGETED_DEVICE_FAMILY = "1,2";
				TEST_HOST = "$(BUILT_PRODUCTS_DIR)/eb-digital-test-task.app/$(BUNDLE_EXECUTABLE_FOLDER_PATH)/eb-digital-test-task";
			};
			name = Debug;
		};
		E91CFCD72DEE23BD00844763 /* Release */ = {
			isa = XCBuildConfiguration;
			buildSettings = {
				BUNDLE_LOADER = "$(TEST_HOST)";
				CODE_SIGN_STYLE = Automatic;
				CURRENT_PROJECT_VERSION = 1;
				GENERATE_INFOPLIST_FILE = YES;
				IPHONEOS_DEPLOYMENT_TARGET = 18.5;
				MARKETING_VERSION = 1.0;
				PRODUCT_BUNDLE_IDENTIFIER = "com.mycompany.eb-digital-test-taskTests";
				PRODUCT_NAME = "$(TARGET_NAME)";
				SWIFT_EMIT_LOC_STRINGS = NO;
				SWIFT_VERSION = 5.0;
				TARGETED_DEVICE_FAMILY = "1,2";
				TEST_HOST = "$(BUILT_PRODUCTS_DIR)/eb-digital-test-task.app/$(BUNDLE_EXECUTABLE_FOLDER_PATH)/eb-digital-test-task";
			};
			name = Release;
		};
		E91CFCD92DEE23BD00844763 /* Debug */ = {
			isa = XCBuildConfiguration;
			buildSettings = {
				CODE_SIGN_STYLE = Automatic;
				CURRENT_PROJECT_VERSION = 1;
				GENERATE_INFOPLIST_FILE = YES;
				MARKETING_VERSION = 1.0;
				PRODUCT_BUNDLE_IDENTIFIER = "com.mycompany.eb-digital-test-taskUITests";
				PRODUCT_NAME = "$(TARGET_NAME)";
				SWIFT_EMIT_LOC_STRINGS = NO;
				SWIFT_VERSION = 5.0;
				TARGETED_DEVICE_FAMILY = "1,2";
				TEST_TARGET_NAME = "eb-digital-test-task";
			};
			name = Debug;
		};
		E91CFCDA2DEE23BD00844763 /* Release */ = {
			isa = XCBuildConfiguration;
			buildSettings = {
				CODE_SIGN_STYLE = Automatic;
				CURRENT_PROJECT_VERSION = 1;
				GENERATE_INFOPLIST_FILE = YES;
				MARKETING_VERSION = 1.0;
				PRODUCT_BUNDLE_IDENTIFIER = "com.mycompany.eb-digital-test-taskUITests";
				PRODUCT_NAME = "$(TARGET_NAME)";
				SWIFT_EMIT_LOC_STRINGS = NO;
				SWIFT_VERSION = 5.0;
				TARGETED_DEVICE_FAMILY = "1,2";
				TEST_TARGET_NAME = "eb-digital-test-task";
			};
			name = Release;
		};
/* End XCBuildConfiguration section */

/* Begin XCConfigurationList section */
		E91CFCAC2DEE23B800844763 /* Build configuration list for PBXProject "eb-digital-test-task" */ = {
			isa = XCConfigurationList;
			buildConfigurations = (
				E91CFCD02DEE23BD00844763 /* Debug */,
				E91CFCD12DEE23BD00844763 /* Release */,
			);
			defaultConfigurationIsVisible = 0;
			defaultConfigurationName = Release;
		};
		E91CFCD22DEE23BD00844763 /* Build configuration list for PBXNativeTarget "eb-digital-test-task" */ = {
			isa = XCConfigurationList;
			buildConfigurations = (
				E91CFCD32DEE23BD00844763 /* Debug */,
				E91CFCD42DEE23BD00844763 /* Release */,
			);
			defaultConfigurationIsVisible = 0;
			defaultConfigurationName = Release;
		};
		E91CFCD52DEE23BD00844763 /* Build configuration list for PBXNativeTarget "eb-digital-test-taskTests" */ = {
			isa = XCConfigurationList;
			buildConfigurations = (
				E91CFCD62DEE23BD00844763 /* Debug */,
				E91CFCD72DEE23BD00844763 /* Release */,
			);
			defaultConfigurationIsVisible = 0;
			defaultConfigurationName = Release;
		};
		E91CFCD82DEE23BD00844763 /* Build configuration list for PBXNativeTarget "eb-digital-test-taskUITests" */ = {
			isa = XCConfigurationList;
			buildConfigurations = (
				E91CFCD92DEE23BD00844763 /* Debug */,
				E91CFCDA2DEE23BD00844763 /* Release */,
			);
			defaultConfigurationIsVisible = 0;
			defaultConfigurationName = Release;
		};
/* End XCConfigurationList section */
	};
	rootObject = E91CFCA92DEE23B800844763 /* Project object */;
}
